// !$*UTF8*$!
{
	archiveVersion = 1;
	classes = {
	};
	objectVersion = 50;
	objects = {

/* Begin PBXBuildFile section */
		A2BC4066226E940D000EC294 /* AppDelegate.swift in Sources */ = {isa = PBXBuildFile; fileRef = A2BC4065226E940D000EC294 /* AppDelegate.swift */; };
		A2BC4068226E940D000EC294 /* ViewController.swift in Sources */ = {isa = PBXBuildFile; fileRef = A2BC4067226E940D000EC294 /* ViewController.swift */; };
		A2BC406B226E940D000EC294 /* Main.storyboard in Resources */ = {isa = PBXBuildFile; fileRef = A2BC4069226E940D000EC294 /* Main.storyboard */; };
		A2BC406D226E940E000EC294 /* Assets.xcassets in Resources */ = {isa = PBXBuildFile; fileRef = A2BC406C226E940E000EC294 /* Assets.xcassets */; };
		A2BC4070226E940E000EC294 /* LaunchScreen.storyboard in Resources */ = {isa = PBXBuildFile; fileRef = A2BC406E226E940E000EC294 /* LaunchScreen.storyboard */; };
		A2BC407B226E9558000EC294 /* Model.xcdatamodeld in Sources */ = {isa = PBXBuildFile; fileRef = A2BC4079226E9558000EC294 /* Model.xcdatamodeld */; };
		A2BC4085226EA564000EC294 /* DataStructure.swift in Sources */ = {isa = PBXBuildFile; fileRef = A2BC4084226EA564000EC294 /* DataStructure.swift */; };
		A2BC4087226EBA9E000EC294 /* DramaTableViewController.swift in Sources */ = {isa = PBXBuildFile; fileRef = A2BC4086226EBA9E000EC294 /* DramaTableViewController.swift */; };
		A2BC4089226EBAF1000EC294 /* DramaCell.swift in Sources */ = {isa = PBXBuildFile; fileRef = A2BC4088226EBAF1000EC294 /* DramaCell.swift */; };
/* End PBXBuildFile section */

/* Begin PBXFileReference section */
		A2BC4062226E940D000EC294 /* interview_prac.app */ = {isa = PBXFileReference; explicitFileType = wrapper.application; includeInIndex = 0; path = interview_prac.app; sourceTree = BUILT_PRODUCTS_DIR; };
		A2BC4065226E940D000EC294 /* AppDelegate.swift */ = {isa = PBXFileReference; lastKnownFileType = sourcecode.swift; path = AppDelegate.swift; sourceTree = "<group>"; };
		A2BC4067226E940D000EC294 /* ViewController.swift */ = {isa = PBXFileReference; lastKnownFileType = sourcecode.swift; path = ViewController.swift; sourceTree = "<group>"; };
		A2BC406A226E940D000EC294 /* Base */ = {isa = PBXFileReference; lastKnownFileType = file.storyboard; name = Base; path = Base.lproj/Main.storyboard; sourceTree = "<group>"; };
		A2BC406C226E940E000EC294 /* Assets.xcassets */ = {isa = PBXFileReference; lastKnownFileType = folder.assetcatalog; path = Assets.xcassets; sourceTree = "<group>"; };
		A2BC406F226E940E000EC294 /* Base */ = {isa = PBXFileReference; lastKnownFileType = file.storyboard; name = Base; path = Base.lproj/LaunchScreen.storyboard; sourceTree = "<group>"; };
		A2BC4071226E940E000EC294 /* Info.plist */ = {isa = PBXFileReference; lastKnownFileType = text.plist.xml; path = Info.plist; sourceTree = "<group>"; };
		A2BC407A226E9558000EC294 /* Model.xcdatamodel */ = {isa = PBXFileReference; lastKnownFileType = wrapper.xcdatamodel; path = Model.xcdatamodel; sourceTree = "<group>"; };
		A2BC4084226EA564000EC294 /* DataStructure.swift */ = {isa = PBXFileReference; lastKnownFileType = sourcecode.swift; path = DataStructure.swift; sourceTree = "<group>"; };
		A2BC4086226EBA9E000EC294 /* DramaTableViewController.swift */ = {isa = PBXFileReference; lastKnownFileType = sourcecode.swift; path = DramaTableViewController.swift; sourceTree = "<group>"; };
		A2BC4088226EBAF1000EC294 /* DramaCell.swift */ = {isa = PBXFileReference; lastKnownFileType = sourcecode.swift; path = DramaCell.swift; sourceTree = "<group>"; };
/* End PBXFileReference section */

/* Begin PBXFrameworksBuildPhase section */
		A2BC405F226E940D000EC294 /* Frameworks */ = {
			isa = PBXFrameworksBuildPhase;
			buildActionMask = 2147483647;
			files = (
			);
			runOnlyForDeploymentPostprocessing = 0;
		};
/* End PBXFrameworksBuildPhase section */

/* Begin PBXGroup section */
		A2BC4059226E940D000EC294 = {
			isa = PBXGroup;
			children = (
				A2BC4064226E940D000EC294 /* interview_prac */,
				A2BC4063226E940D000EC294 /* Products */,
			);
			sourceTree = "<group>";
		};
		A2BC4063226E940D000EC294 /* Products */ = {
			isa = PBXGroup;
			children = (
				A2BC4062226E940D000EC294 /* interview_prac.app */,
			);
			name = Products;
			sourceTree = "<group>";
		};
		A2BC4064226E940D000EC294 /* interview_prac */ = {
			isa = PBXGroup;
			children = (
				A2BC4065226E940D000EC294 /* AppDelegate.swift */,
				A2BC4067226E940D000EC294 /* ViewController.swift */,
				A2BC4069226E940D000EC294 /* Main.storyboard */,
				A2BC4086226EBA9E000EC294 /* DramaTableViewController.swift */,
				A2BC4088226EBAF1000EC294 /* DramaCell.swift */,
				A2BC4084226EA564000EC294 /* DataStructure.swift */,
				A2BC406C226E940E000EC294 /* Assets.xcassets */,
				A2BC406E226E940E000EC294 /* LaunchScreen.storyboard */,
				A2BC4071226E940E000EC294 /* Info.plist */,
				A2BC4079226E9558000EC294 /* Model.xcdatamodeld */,
			);
			path = interview_prac;
			sourceTree = "<group>";
		};
/* End PBXGroup section */

/* Begin PBXNativeTarget section */
		A2BC4061226E940D000EC294 /* interview_prac */ = {
			isa = PBXNativeTarget;
			buildConfigurationList = A2BC4074226E940E000EC294 /* Build configuration list for PBXNativeTarget "interview_prac" */;
			buildPhases = (
				A2BC405E226E940D000EC294 /* Sources */,
				A2BC405F226E940D000EC294 /* Frameworks */,
				A2BC4060226E940D000EC294 /* Resources */,
			);
			buildRules = (
			);
			dependencies = (
			);
			name = interview_prac;
			productName = interview_prac;
			productReference = A2BC4062226E940D000EC294 /* interview_prac.app */;
			productType = "com.apple.product-type.application";
		};
/* End PBXNativeTarget section */

/* Begin PBXProject section */
		A2BC405A226E940D000EC294 /* Project object */ = {
			isa = PBXProject;
			attributes = {
				LastSwiftUpdateCheck = 1010;
				LastUpgradeCheck = 1010;
				ORGANIZATIONNAME = Alexhu;
				TargetAttributes = {
					A2BC4061226E940D000EC294 = {
						CreatedOnToolsVersion = 10.1;
					};
				};
			};
			buildConfigurationList = A2BC405D226E940D000EC294 /* Build configuration list for PBXProject "interview_prac" */;
			compatibilityVersion = "Xcode 9.3";
			developmentRegion = en;
			hasScannedForEncodings = 0;
			knownRegions = (
				en,
				Base,
			);
			mainGroup = A2BC4059226E940D000EC294;
			productRefGroup = A2BC4063226E940D000EC294 /* Products */;
			projectDirPath = "";
			projectRoot = "";
			targets = (
				A2BC4061226E940D000EC294 /* interview_prac */,
			);
		};
/* End PBXProject section */

/* Begin PBXResourcesBuildPhase section */
		A2BC4060226E940D000EC294 /* Resources */ = {
			isa = PBXResourcesBuildPhase;
			buildActionMask = 2147483647;
			files = (
				A2BC4070226E940E000EC294 /* LaunchScreen.storyboard in Resources */,
				A2BC406D226E940E000EC294 /* Assets.xcassets in Resources */,
				A2BC406B226E940D000EC294 /* Main.storyboard in Resources */,
			);
			runOnlyForDeploymentPostprocessing = 0;
		};
/* End PBXResourcesBuildPhase section */

/* Begin PBXSourcesBuildPhase section */
		A2BC405E226E940D000EC294 /* Sources */ = {
			isa = PBXSourcesBuildPhase;
			buildActionMask = 2147483647;
			files = (
				A2BC4068226E940D000EC294 /* ViewController.swift in Sources */,
				A2BC4087226EBA9E000EC294 /* DramaTableViewController.swift in Sources */,
				A2BC4085226EA564000EC294 /* DataStructure.swift in Sources */,
				A2BC4089226EBAF1000EC294 /* DramaCell.swift in Sources */,
				A2BC4066226E940D000EC294 /* AppDelegate.swift in Sources */,
				A2BC407B226E9558000EC294 /* Model.xcdatamodeld in Sources */,
			);
			runOnlyForDeploymentPostprocessing = 0;
		};
/* End PBXSourcesBuildPhase section */

/* Begin PBXVariantGroup section */
		A2BC4069226E940D000EC294 /* Main.storyboard */ = {
			isa = PBXVariantGroup;
			children = (
				A2BC406A226E940D000EC294 /* Base */,
			);
			name = Main.storyboard;
			sourceTree = "<group>";
		};
		A2BC406E226E940E000EC294 /* LaunchScreen.storyboard */ = {
			isa = PBXVariantGroup;
			children = (
				A2BC406F226E940E000EC294 /* Base */,
			);
			name = LaunchScreen.storyboard;
			sourceTree = "<group>";
		};
/* End PBXVariantGroup section */

/* Begin XCBuildConfiguration section */
		A2BC4072226E940E000EC294 /* Debug */ = {
			isa = XCBuildConfiguration;
			buildSettings = {
				ALWAYS_SEARCH_USER_PATHS = NO;
				CLANG_ANALYZER_NONNULL = YES;
				CLANG_ANALYZER_NUMBER_OBJECT_CONVERSION = YES_AGGRESSIVE;
				CLANG_CXX_LANGUAGE_STANDARD = "gnu++14";
				CLANG_CXX_LIBRARY = "libc++";
				CLANG_ENABLE_MODULES = YES;
				CLANG_ENABLE_OBJC_ARC = YES;
				CLANG_ENABLE_OBJC_WEAK = YES;
				CLANG_WARN_BLOCK_CAPTURE_AUTORELEASING = YES;
				CLANG_WARN_BOOL_CONVERSION = YES;
				CLANG_WARN_COMMA = YES;
				CLANG_WARN_CONSTANT_CONVERSION = YES;
				CLANG_WARN_DEPRECATED_OBJC_IMPLEMENTATIONS = YES;
				CLANG_WARN_DIRECT_OBJC_ISA_USAGE = YES_ERROR;
				CLANG_WARN_DOCUMENTATION_COMMENTS = YES;
				CLANG_WARN_EMPTY_BODY = YES;
				CLANG_WARN_ENUM_CONVERSION = YES;
				CLANG_WARN_INFINITE_RECURSION = YES;
				CLANG_WARN_INT_CONVERSION = YES;
				CLANG_WARN_NON_LITERAL_NULL_CONVERSION = YES;
				CLANG_WARN_OBJC_IMPLICIT_RETAIN_SELF = YES;
				CLANG_WARN_OBJC_LITERAL_CONVERSION = YES;
				CLANG_WARN_OBJC_ROOT_CLASS = YES_ERROR;
				CLANG_WARN_RANGE_LOOP_ANALYSIS = YES;
				CLANG_WARN_STRICT_PROTOTYPES = YES;
				CLANG_WARN_SUSPICIOUS_MOVE = YES;
				CLANG_WARN_UNGUARDED_AVAILABILITY = YES_AGGRESSIVE;
				CLANG_WARN_UNREACHABLE_CODE = YES;
				CLANG_WARN__DUPLICATE_METHOD_MATCH = YES;
				CODE_SIGN_IDENTITY = "iPhone Developer";
				COPY_PHASE_STRIP = NO;
				DEBUG_INFORMATION_FORMAT = dwarf;
				ENABLE_STRICT_OBJC_MSGSEND = YES;
				ENABLE_TESTABILITY = YES;
				GCC_C_LANGUAGE_STANDARD = gnu11;
				GCC_DYNAMIC_NO_PIC = NO;
				GCC_NO_COMMON_BLOCKS = YES;
				GCC_OPTIMIZATION_LEVEL = 0;
				GCC_PREPROCESSOR_DEFINITIONS = (
					"DEBUG=1",
					"$(inherited)",
				);
				GCC_WARN_64_TO_32_BIT_CONVERSION = YES;
				GCC_WARN_ABOUT_RETURN_TYPE = YES_ERROR;
				GCC_WARN_UNDECLARED_SELECTOR = YES;
				GCC_WARN_UNINITIALIZED_AUTOS = YES_AGGRESSIVE;
				GCC_WARN_UNUSED_FUNCTION = YES;
				GCC_WARN_UNUSED_VARIABLE = YES;
				IPHONEOS_DEPLOYMENT_TARGET = 12.1;
				MTL_ENABLE_DEBUG_INFO = INCLUDE_SOURCE;
				MTL_FAST_MATH = YES;
				ONLY_ACTIVE_ARCH = YES;
				SDKROOT = iphoneos;
				SWIFT_ACTIVE_COMPILATION_CONDITIONS = DEBUG;
				SWIFT_OPTIMIZATION_LEVEL = "-Onone";
			};
			name = Debug;
		};
		A2BC4073226E940E000EC294 /* Release */ = {
			isa = XCBuildConfiguration;
			buildSettings = {
				ALWAYS_SEARCH_USER_PATHS = NO;
				CLANG_ANALYZER_NONNULL = YES;
				CLANG_ANALYZER_NUMBER_OBJECT_CONVERSION = YES_AGGRESSIVE;
				CLANG_CXX_LANGUAGE_STANDARD = "gnu++14";
				CLANG_CXX_LIBRARY = "libc++";
				CLANG_ENABLE_MODULES = YES;
				CLANG_ENABLE_OBJC_ARC = YES;
				CLANG_ENABLE_OBJC_WEAK = YES;
				CLANG_WARN_BLOCK_CAPTURE_AUTORELEASING = YES;
				CLANG_WARN_BOOL_CONVERSION = YES;
				CLANG_WARN_COMMA = YES;
				CLANG_WARN_CONSTANT_CONVERSION = YES;
				CLANG_WARN_DEPRECATED_OBJC_IMPLEMENTATIONS = YES;
				CLANG_WARN_DIRECT_OBJC_ISA_USAGE = YES_ERROR;
				CLANG_WARN_DOCUMENTATION_COMMENTS = YES;
				CLANG_WARN_EMPTY_BODY = YES;
				CLANG_WARN_ENUM_CONVERSION = YES;
				CLANG_WARN_INFINITE_RECURSION = YES;
				CLANG_WARN_INT_CONVERSION = YES;
				CLANG_WARN_NON_LITERAL_NULL_CONVERSION = YES;
				CLANG_WARN_OBJC_IMPLICIT_RETAIN_SELF = YES;
				CLANG_WARN_OBJC_LITERAL_CONVERSION = YES;
				CLANG_WARN_OBJC_ROOT_CLASS = YES_ERROR;
				CLANG_WARN_RANGE_LOOP_ANALYSIS = YES;
				CLANG_WARN_STRICT_PROTOTYPES = YES;
				CLANG_WARN_SUSPICIOUS_MOVE = YES;
				CLANG_WARN_UNGUARDED_AVAILABILITY = YES_AGGRESSIVE;
				CLANG_WARN_UNREACHABLE_CODE = YES;
				CLANG_WARN__DUPLICATE_METHOD_MATCH = YES;
				CODE_SIGN_IDENTITY = "iPhone Developer";
				COPY_PHASE_STRIP = NO;
				DEBUG_INFORMATION_FORMAT = "dwarf-with-dsym";
				ENABLE_NS_ASSERTIONS = NO;
				ENABLE_STRICT_OBJC_MSGSEND = YES;
				GCC_C_LANGUAGE_STANDARD = gnu11;
				GCC_NO_COMMON_BLOCKS = YES;
				GCC_WARN_64_TO_32_BIT_CONVERSION = YES;
				GCC_WARN_ABOUT_RETURN_TYPE = YES_ERROR;
				GCC_WARN_UNDECLARED_SELECTOR = YES;
				GCC_WARN_UNINITIALIZED_AUTOS = YES_AGGRESSIVE;
				GCC_WARN_UNUSED_FUNCTION = YES;
				GCC_WARN_UNUSED_VARIABLE = YES;
				IPHONEOS_DEPLOYMENT_TARGET = 12.1;
				MTL_ENABLE_DEBUG_INFO = NO;
				MTL_FAST_MATH = YES;
				SDKROOT = iphoneos;
				SWIFT_COMPILATION_MODE = wholemodule;
				SWIFT_OPTIMIZATION_LEVEL = "-O";
				VALIDATE_PRODUCT = YES;
			};
			name = Release;
		};
		A2BC4075226E940E000EC294 /* Debug */ = {
			isa = XCBuildConfiguration;
			buildSettings = {
				ASSETCATALOG_COMPILER_APPICON_NAME = AppIcon;
				CODE_SIGN_STYLE = Automatic;
				INFOPLIST_FILE = interview_prac/Info.plist;
				LD_RUNPATH_SEARCH_PATHS = (
					"$(inherited)",
					"@executable_path/Frameworks",
				);
				PRODUCT_BUNDLE_IDENTIFIER = "com.alex-studio-tw.interview-prac";
				PRODUCT_NAME = "$(TARGET_NAME)";
				SWIFT_VERSION = 4.2;
				TARGETED_DEVICE_FAMILY = "1,2";
			};
			name = Debug;
		};
		A2BC4076226E940E000EC294 /* Release */ = {
			isa = XCBuildConfiguration;
			buildSettings = {
				ASSETCATALOG_COMPILER_APPICON_NAME = AppIcon;
				CODE_SIGN_STYLE = Automatic;
				INFOPLIST_FILE = interview_prac/Info.plist;
				LD_RUNPATH_SEARCH_PATHS = (
					"$(inherited)",
					"@executable_path/Frameworks",
				);
				PRODUCT_BUNDLE_IDENTIFIER = "com.alex-studio-tw.interview-prac";
				PRODUCT_NAME = "$(TARGET_NAME)";
				SWIFT_VERSION = 4.2;
				TARGETED_DEVICE_FAMILY = "1,2";
			};
			name = Release;
		};
/* End XCBuildConfiguration section */

/* Begin XCConfigurationList section */
		A2BC405D226E940D000EC294 /* Build configuration list for PBXProject "interview_prac" */ = {
			isa = XCConfigurationList;
			buildConfigurations = (
				A2BC4072226E940E000EC294 /* Debug */,
				A2BC4073226E940E000EC294 /* Release */,
			);
			defaultConfigurationIsVisible = 0;
			defaultConfigurationName = Release;
		};
		A2BC4074226E940E000EC294 /* Build configuration list for PBXNativeTarget "interview_prac" */ = {
			isa = XCConfigurationList;
			buildConfigurations = (
				A2BC4075226E940E000EC294 /* Debug */,
				A2BC4076226E940E000EC294 /* Release */,
			);
			defaultConfigurationIsVisible = 0;
			defaultConfigurationName = Release;
		};
/* End XCConfigurationList section */

/* Begin XCVersionGroup section */
		A2BC4079226E9558000EC294 /* Model.xcdatamodeld */ = {
			isa = XCVersionGroup;
			children = (
				A2BC407A226E9558000EC294 /* Model.xcdatamodel */,
			);
			currentVersion = A2BC407A226E9558000EC294 /* Model.xcdatamodel */;
			path = Model.xcdatamodeld;
			sourceTree = "<group>";
			versionGroupType = wrapper.xcdatamodel;
		};
/* End XCVersionGroup section */
	};
	rootObject = A2BC405A226E940D000EC294 /* Project object */;
}
